PODS:
  - IrregularCollectionUIKit (2.0.0)

DEPENDENCIES:
  - IrregularCollectionUIKit (from `../`)

EXTERNAL SOURCES:
  IrregularCollectionUIKit:
    :path: ../

SPEC CHECKSUMS:
  IrregularCollectionUIKit: 4c26f1894cf244002e088516d01c14465d9f7a0c

PODFILE CHECKSUM: 2f0a7f1a15fec6b717df38f75270ef7dde869940

COCOAPODS: 1.2.1
