// !$*UTF8*$!
{
	archiveVersion = 1;
	classes = {
	};
	objectVersion = 46;
	objects = {

/* Begin PBXBuildFile section */
		231D912E1D90CEA600E913FE /* SampleASCollectionViewController.swift in Sources */ = {isa = PBXBuildFile; fileRef = 231D91191D90CEA600E913FE /* SampleASCollectionViewController.swift */; };
		231D91321D90CEA600E913FE /* DemoAppDelegate.m in Sources */ = {isa = PBXBuildFile; fileRef = 231D911E1D90CEA600E913FE /* DemoAppDelegate.m */; };
		231D91331D90CEA600E913FE /* DemoViewController.swift in Sources */ = {isa = PBXBuildFile; fileRef = 231D911F1D90CEA600E913FE /* DemoViewController.swift */; };
		231D91341D90CEA600E913FE /* Images.xcassets in Resources */ = {isa = PBXBuildFile; fileRef = 231D91201D90CEA600E913FE /* Images.xcassets */; };
		231D91361D90CEA600E913FE /* Launch Screen.storyboard in Resources */ = {isa = PBXBuildFile; fileRef = 231D91231D90CEA600E913FE /* Launch Screen.storyboard */; };
		231D91371D90CEA600E913FE /* Main.storyboard in Resources */ = {isa = PBXBuildFile; fileRef = 231D91241D90CEA600E913FE /* Main.storyboard */; };
		231D91391D90CEA600E913FE /* SampleContent.swift in Sources */ = {isa = PBXBuildFile; fileRef = 231D91261D90CEA600E913FE /* SampleContent.swift */; };
		231D91401D90CEDA00E913FE /* main.m in Sources */ = {isa = PBXBuildFile; fileRef = 231D913F1D90CEDA00E913FE /* main.m */; };
		236759DD1D9116190006C75B /* 201499971412727010.jpg in Resources */ = {isa = PBXBuildFile; fileRef = 236759D41D9116190006C75B /* 201499971412727010.jpg */; };
		236759DE1D9116190006C75B /* 20160408110556_11.jpg in Resources */ = {isa = PBXBuildFile; fileRef = 236759D51D9116190006C75B /* 20160408110556_11.jpg */; };
		236759DF1D9116190006C75B /* 201606100719471127_1.jpg in Resources */ = {isa = PBXBuildFile; fileRef = 236759D61D9116190006C75B /* 201606100719471127_1.jpg */; };
		236759E01D9116190006C75B /* 7.jpg in Resources */ = {isa = PBXBuildFile; fileRef = 236759D71D9116190006C75B /* 7.jpg */; };
		236759E11D9116190006C75B /* 99763_62164_3159.jpg in Resources */ = {isa = PBXBuildFile; fileRef = 236759D81D9116190006C75B /* 99763_62164_3159.jpg */; };
		236759E21D9116190006C75B /* article_20150904-1.jpg in Resources */ = {isa = PBXBuildFile; fileRef = 236759D91D9116190006C75B /* article_20150904-1.jpg */; };
		236759E31D9116190006C75B /* channelProfileView.png in Resources */ = {isa = PBXBuildFile; fileRef = 236759DA1D9116190006C75B /* channelProfileView.png */; };
		236759E41D9116190006C75B /* img_20150502111148_a5d91d53.jpg in Resources */ = {isa = PBXBuildFile; fileRef = 236759DB1D9116190006C75B /* img_20150502111148_a5d91d53.jpg */; };
		236759E51D9116190006C75B /* R1280x0.jpg in Resources */ = {isa = PBXBuildFile; fileRef = 236759DC1D9116190006C75B /* R1280x0.jpg */; };
		359EB1436A7AF1B47CBC71D9 /* libPods-IrregularCollectionUIKit_Example.a in Frameworks */ = {isa = PBXBuildFile; fileRef = D365CE9DA2F47C4076203BD9 /* libPods-IrregularCollectionUIKit_Example.a */; };
		6003F58E195388D20070C39A /* Foundation.framework in Frameworks */ = {isa = PBXBuildFile; fileRef = 6003F58D195388D20070C39A /* Foundation.framework */; };
		6003F590195388D20070C39A /* CoreGraphics.framework in Frameworks */ = {isa = PBXBuildFile; fileRef = 6003F58F195388D20070C39A /* CoreGraphics.framework */; };
		6003F592195388D20070C39A /* UIKit.framework in Frameworks */ = {isa = PBXBuildFile; fileRef = 6003F591195388D20070C39A /* UIKit.framework */; };
		6003F5B0195388D20070C39A /* XCTest.framework in Frameworks */ = {isa = PBXBuildFile; fileRef = 6003F5AF195388D20070C39A /* XCTest.framework */; };
		6003F5B1195388D20070C39A /* Foundation.framework in Frameworks */ = {isa = PBXBuildFile; fileRef = 6003F58D195388D20070C39A /* Foundation.framework */; };
		6003F5B2195388D20070C39A /* UIKit.framework in Frameworks */ = {isa = PBXBuildFile; fileRef = 6003F591195388D20070C39A /* UIKit.framework */; };
		6003F5BA195388D20070C39A /* InfoPlist.strings in Resources */ = {isa = PBXBuildFile; fileRef = 6003F5B8195388D20070C39A /* InfoPlist.strings */; };
		6003F5BC195388D20070C39A /* Tests.m in Sources */ = {isa = PBXBuildFile; fileRef = 6003F5BB195388D20070C39A /* Tests.m */; };
		7E80DDE9AD4379A9CB98A46F /* libPods-IrregularUIKit_Tests.a in Frameworks */ = {isa = PBXBuildFile; fileRef = FFFB03E0B7127FF49C4CDA91 /* libPods-IrregularUIKit_Tests.a */; };
		F55E84639323FB72E84B2F22 /* libPods-IrregularCollectionUIKit_Tests.a in Frameworks */ = {isa = PBXBuildFile; fileRef = 22AD11D3C79A266782377DFA /* libPods-IrregularCollectionUIKit_Tests.a */; };
/* End PBXBuildFile section */

/* Begin PBXContainerItemProxy section */
		6003F5B3195388D20070C39A /* PBXContainerItemProxy */ = {
			isa = PBXContainerItemProxy;
			containerPortal = 6003F582195388D10070C39A /* Project object */;
			proxyType = 1;
			remoteGlobalIDString = 6003F589195388D20070C39A;
			remoteInfo = IrregularUIKit;
		};
/* End PBXContainerItemProxy section */

/* Begin PBXFileReference section */
		012EDBD6140CF710D5922F90 /* README.md */ = {isa = PBXFileReference; includeInIndex = 1; lastKnownFileType = net.daringfireball.markdown; name = README.md; path = ../README.md; sourceTree = "<group>"; };
		015A94912719ADD3ACF1CEF6 /* Pods-IrregularUIKit_Example.release.xcconfig */ = {isa = PBXFileReference; includeInIndex = 1; lastKnownFileType = text.xcconfig; name = "Pods-IrregularUIKit_Example.release.xcconfig"; path = "Pods/Target Support Files/Pods-IrregularUIKit_Example/Pods-IrregularUIKit_Example.release.xcconfig"; sourceTree = "<group>"; };
		09E580333797462ED0A221B9 /* Pods-IrregularCollectionUIKit_Tests.debug.xcconfig */ = {isa = PBXFileReference; includeInIndex = 1; lastKnownFileType = text.xcconfig; name = "Pods-IrregularCollectionUIKit_Tests.debug.xcconfig"; path = "Pods/Target Support Files/Pods-IrregularCollectionUIKit_Tests/Pods-IrregularCollectionUIKit_Tests.debug.xcconfig"; sourceTree = "<group>"; };
		1A1EBD36F9AF24BAD13639CB /* Pods-IrregularCollectionUIKit_Example.release.xcconfig */ = {isa = PBXFileReference; includeInIndex = 1; lastKnownFileType = text.xcconfig; name = "Pods-IrregularCollectionUIKit_Example.release.xcconfig"; path = "Pods/Target Support Files/Pods-IrregularCollectionUIKit_Example/Pods-IrregularCollectionUIKit_Example.release.xcconfig"; sourceTree = "<group>"; };
		22AD11D3C79A266782377DFA /* libPods-IrregularCollectionUIKit_Tests.a */ = {isa = PBXFileReference; explicitFileType = archive.ar; includeInIndex = 0; path = "libPods-IrregularCollectionUIKit_Tests.a"; sourceTree = BUILT_PRODUCTS_DIR; };
		231D91191D90CEA600E913FE /* SampleASCollectionViewController.swift */ = {isa = PBXFileReference; fileEncoding = 4; lastKnownFileType = sourcecode.swift; name = SampleASCollectionViewController.swift; path = IrregularCollectionUIKit/SampleASCollectionViewController.swift; sourceTree = SOURCE_ROOT; };
		231D911D1D90CEA600E913FE /* DemoAppDelegate.h */ = {isa = PBXFileReference; fileEncoding = 4; lastKnownFileType = sourcecode.c.h; name = DemoAppDelegate.h; path = IrregularCollectionUIKit/DemoAppDelegate.h; sourceTree = SOURCE_ROOT; };
		231D911E1D90CEA600E913FE /* DemoAppDelegate.m */ = {isa = PBXFileReference; fileEncoding = 4; lastKnownFileType = sourcecode.c.objc; name = DemoAppDelegate.m; path = IrregularCollectionUIKit/DemoAppDelegate.m; sourceTree = SOURCE_ROOT; };
		231D911F1D90CEA600E913FE /* DemoViewController.swift */ = {isa = PBXFileReference; fileEncoding = 4; lastKnownFileType = sourcecode.swift; name = DemoViewController.swift; path = IrregularCollectionUIKit/DemoViewController.swift; sourceTree = SOURCE_ROOT; };
		231D91201D90CEA600E913FE /* Images.xcassets */ = {isa = PBXFileReference; lastKnownFileType = folder.assetcatalog; name = Images.xcassets; path = IrregularCollectionUIKit/Images.xcassets; sourceTree = SOURCE_ROOT; };
		231D91221D90CEA600E913FE /* IrregularCollectionUIKit_Example-Bridging-Header.h */ = {isa = PBXFileReference; fileEncoding = 4; lastKnownFileType = sourcecode.c.h; name = "IrregularCollectionUIKit_Example-Bridging-Header.h"; path = "IrregularCollectionUIKit/IrregularCollectionUIKit_Example-Bridging-Header.h"; sourceTree = SOURCE_ROOT; };
		231D91231D90CEA600E913FE /* Launch Screen.storyboard */ = {isa = PBXFileReference; fileEncoding = 4; lastKnownFileType = file.storyboard; name = "Launch Screen.storyboard"; path = "IrregularCollectionUIKit/Launch Screen.storyboard"; sourceTree = SOURCE_ROOT; };
		231D91241D90CEA600E913FE /* Main.storyboard */ = {isa = PBXFileReference; fileEncoding = 4; lastKnownFileType = file.storyboard; name = Main.storyboard; path = IrregularCollectionUIKit/Main.storyboard; sourceTree = SOURCE_ROOT; };
		231D91261D90CEA600E913FE /* SampleContent.swift */ = {isa = PBXFileReference; fileEncoding = 4; lastKnownFileType = sourcecode.swift; name = SampleContent.swift; path = IrregularCollectionUIKit/SampleContent.swift; sourceTree = SOURCE_ROOT; };
		231D913B1D90CEBF00E913FE /* IrregularCollectionUIKit-Info.plist */ = {isa = PBXFileReference; fileEncoding = 4; lastKnownFileType = text.plist.xml; name = "IrregularCollectionUIKit-Info.plist"; path = "IrregularCollectionUIKit/IrregularCollectionUIKit-Info.plist"; sourceTree = SOURCE_ROOT; };
		231D913C1D90CEBF00E913FE /* IrregularCollectionUIKit-Prefix.pch */ = {isa = PBXFileReference; fileEncoding = 4; lastKnownFileType = sourcecode.c.h; name = "IrregularCollectionUIKit-Prefix.pch"; path = "IrregularCollectionUIKit/IrregularCollectionUIKit-Prefix.pch"; sourceTree = SOURCE_ROOT; };
		231D913E1D90CEC600E913FE /* IrregularCollectionUIKit_Example-Bridging-Header.h */ = {isa = PBXFileReference; lastKnownFileType = sourcecode.c.h; name = "IrregularCollectionUIKit_Example-Bridging-Header.h"; path = "IrregularCollectionUIKit/IrregularCollectionUIKit_Example-Bridging-Header.h"; sourceTree = SOURCE_ROOT; };
		231D913F1D90CEDA00E913FE /* main.m */ = {isa = PBXFileReference; fileEncoding = 4; lastKnownFileType = sourcecode.c.objc; name = main.m; path = IrregularCollectionUIKit/main.m; sourceTree = SOURCE_ROOT; };
		236759D41D9116190006C75B /* 201499971412727010.jpg */ = {isa = PBXFileReference; lastKnownFileType = image.jpeg; path = 201499971412727010.jpg; sourceTree = "<group>"; };
		236759D51D9116190006C75B /* 20160408110556_11.jpg */ = {isa = PBXFileReference; lastKnownFileType = image.jpeg; path = 20160408110556_11.jpg; sourceTree = "<group>"; };
		236759D61D9116190006C75B /* 201606100719471127_1.jpg */ = {isa = PBXFileReference; lastKnownFileType = image.jpeg; path = 201606100719471127_1.jpg; sourceTree = "<group>"; };
		236759D71D9116190006C75B /* 7.jpg */ = {isa = PBXFileReference; lastKnownFileType = image.jpeg; path = 7.jpg; sourceTree = "<group>"; };
		236759D81D9116190006C75B /* 99763_62164_3159.jpg */ = {isa = PBXFileReference; lastKnownFileType = image.jpeg; path = 99763_62164_3159.jpg; sourceTree = "<group>"; };
		236759D91D9116190006C75B /* article_20150904-1.jpg */ = {isa = PBXFileReference; lastKnownFileType = image.jpeg; path = "article_20150904-1.jpg"; sourceTree = "<group>"; };
		236759DA1D9116190006C75B /* channelProfileView.png */ = {isa = PBXFileReference; lastKnownFileType = image.png; path = channelProfileView.png; sourceTree = "<group>"; };
		236759DB1D9116190006C75B /* img_20150502111148_a5d91d53.jpg */ = {isa = PBXFileReference; lastKnownFileType = image.jpeg; path = img_20150502111148_a5d91d53.jpg; sourceTree = "<group>"; };
		236759DC1D9116190006C75B /* R1280x0.jpg */ = {isa = PBXFileReference; lastKnownFileType = image.jpeg; path = R1280x0.jpg; sourceTree = "<group>"; };
		243C44F3B9E03DBDA3231685 /* Pods-IrregularCollectionUIKit_Tests.release.xcconfig */ = {isa = PBXFileReference; includeInIndex = 1; lastKnownFileType = text.xcconfig; name = "Pods-IrregularCollectionUIKit_Tests.release.xcconfig"; path = "Pods/Target Support Files/Pods-IrregularCollectionUIKit_Tests/Pods-IrregularCollectionUIKit_Tests.release.xcconfig"; sourceTree = "<group>"; };
		3D1EB8E802573A29606DCFAF /* libPods-IrregularUIKit_Example.a */ = {isa = PBXFileReference; explicitFileType = archive.ar; includeInIndex = 0; path = "libPods-IrregularUIKit_Example.a"; sourceTree = BUILT_PRODUCTS_DIR; };
		58892DABB6AC01EC46F2B7C6 /* LICENSE */ = {isa = PBXFileReference; includeInIndex = 1; lastKnownFileType = text; name = LICENSE; path = ../LICENSE; sourceTree = "<group>"; };
		6003F58A195388D20070C39A /* IrregularCollectionUIKit_Example.app */ = {isa = PBXFileReference; explicitFileType = wrapper.application; includeInIndex = 0; path = IrregularCollectionUIKit_Example.app; sourceTree = BUILT_PRODUCTS_DIR; };
		6003F58D195388D20070C39A /* Foundation.framework */ = {isa = PBXFileReference; lastKnownFileType = wrapper.framework; name = Foundation.framework; path = System/Library/Frameworks/Foundation.framework; sourceTree = SDKROOT; };
		6003F58F195388D20070C39A /* CoreGraphics.framework */ = {isa = PBXFileReference; lastKnownFileType = wrapper.framework; name = CoreGraphics.framework; path = System/Library/Frameworks/CoreGraphics.framework; sourceTree = SDKROOT; };
		6003F591195388D20070C39A /* UIKit.framework */ = {isa = PBXFileReference; lastKnownFileType = wrapper.framework; name = UIKit.framework; path = System/Library/Frameworks/UIKit.framework; sourceTree = SDKROOT; };
		6003F597195388D20070C39A /* en */ = {isa = PBXFileReference; lastKnownFileType = text.plist.strings; name = en; path = en.lproj/InfoPlist.strings; sourceTree = "<group>"; };
		6003F5AE195388D20070C39A /* IrregularCollectionUIKit_Tests.xctest */ = {isa = PBXFileReference; explicitFileType = wrapper.cfbundle; includeInIndex = 0; path = IrregularCollectionUIKit_Tests.xctest; sourceTree = BUILT_PRODUCTS_DIR; };
		6003F5AF195388D20070C39A /* XCTest.framework */ = {isa = PBXFileReference; lastKnownFileType = wrapper.framework; name = XCTest.framework; path = Library/Frameworks/XCTest.framework; sourceTree = DEVELOPER_DIR; };
		6003F5B7195388D20070C39A /* Tests-Info.plist */ = {isa = PBXFileReference; lastKnownFileType = text.plist.xml; path = "Tests-Info.plist"; sourceTree = "<group>"; };
		6003F5B9195388D20070C39A /* en */ = {isa = PBXFileReference; lastKnownFileType = text.plist.strings; name = en; path = en.lproj/InfoPlist.strings; sourceTree = "<group>"; };
		6003F5BB195388D20070C39A /* Tests.m */ = {isa = PBXFileReference; lastKnownFileType = sourcecode.c.objc; path = Tests.m; sourceTree = "<group>"; };
		6031D925E5AA3EBD5A4CB3EC /* Pods-IrregularUIKit_Tests.release.xcconfig */ = {isa = PBXFileReference; includeInIndex = 1; lastKnownFileType = text.xcconfig; name = "Pods-IrregularUIKit_Tests.release.xcconfig"; path = "Pods/Target Support Files/Pods-IrregularUIKit_Tests/Pods-IrregularUIKit_Tests.release.xcconfig"; sourceTree = "<group>"; };
		606FC2411953D9B200FFA9A0 /* Tests-Prefix.pch */ = {isa = PBXFileReference; lastKnownFileType = sourcecode.c.h; path = "Tests-Prefix.pch"; sourceTree = "<group>"; };
		6E9616E2CF4AB72F02EF8DB9 /* Pods-IrregularCollectionUIKit_Example.debug.xcconfig */ = {isa = PBXFileReference; includeInIndex = 1; lastKnownFileType = text.xcconfig; name = "Pods-IrregularCollectionUIKit_Example.debug.xcconfig"; path = "Pods/Target Support Files/Pods-IrregularCollectionUIKit_Example/Pods-IrregularCollectionUIKit_Example.debug.xcconfig"; sourceTree = "<group>"; };
		72A86362576C2D687DC56F85 /* IrregularUIKit.podspec */ = {isa = PBXFileReference; includeInIndex = 1; lastKnownFileType = text; name = IrregularUIKit.podspec; path = ../IrregularUIKit.podspec; sourceTree = "<group>"; };
		A3E1996E3FE9546F4B7DAB2E /* Pods-IrregularUIKit_Example.debug.xcconfig */ = {isa = PBXFileReference; includeInIndex = 1; lastKnownFileType = text.xcconfig; name = "Pods-IrregularUIKit_Example.debug.xcconfig"; path = "Pods/Target Support Files/Pods-IrregularUIKit_Example/Pods-IrregularUIKit_Example.debug.xcconfig"; sourceTree = "<group>"; };
		D365CE9DA2F47C4076203BD9 /* libPods-IrregularCollectionUIKit_Example.a */ = {isa = PBXFileReference; explicitFileType = archive.ar; includeInIndex = 0; path = "libPods-IrregularCollectionUIKit_Example.a"; sourceTree = BUILT_PRODUCTS_DIR; };
		FC18D4A34C220869D3659E8E /* Pods-IrregularUIKit_Tests.debug.xcconfig */ = {isa = PBXFileReference; includeInIndex = 1; lastKnownFileType = text.xcconfig; name = "Pods-IrregularUIKit_Tests.debug.xcconfig"; path = "Pods/Target Support Files/Pods-IrregularUIKit_Tests/Pods-IrregularUIKit_Tests.debug.xcconfig"; sourceTree = "<group>"; };
		FFFB03E0B7127FF49C4CDA91 /* libPods-IrregularUIKit_Tests.a */ = {isa = PBXFileReference; explicitFileType = archive.ar; includeInIndex = 0; path = "libPods-IrregularUIKit_Tests.a"; sourceTree = BUILT_PRODUCTS_DIR; };
/* End PBXFileReference section */

/* Begin PBXFrameworksBuildPhase section */
		6003F587195388D20070C39A /* Frameworks */ = {
			isa = PBXFrameworksBuildPhase;
			buildActionMask = 2147483647;
			files = (
				6003F590195388D20070C39A /* CoreGraphics.framework in Frameworks */,
				6003F592195388D20070C39A /* UIKit.framework in Frameworks */,
				6003F58E195388D20070C39A /* Foundation.framework in Frameworks */,
				359EB1436A7AF1B47CBC71D9 /* libPods-IrregularCollectionUIKit_Example.a in Frameworks */,
			);
			runOnlyForDeploymentPostprocessing = 0;
		};
		6003F5AB195388D20070C39A /* Frameworks */ = {
			isa = PBXFrameworksBuildPhase;
			buildActionMask = 2147483647;
			files = (
				6003F5B0195388D20070C39A /* XCTest.framework in Frameworks */,
				6003F5B2195388D20070C39A /* UIKit.framework in Frameworks */,
				6003F5B1195388D20070C39A /* Foundation.framework in Frameworks */,
				7E80DDE9AD4379A9CB98A46F /* libPods-IrregularUIKit_Tests.a in Frameworks */,
				F55E84639323FB72E84B2F22 /* libPods-IrregularCollectionUIKit_Tests.a in Frameworks */,
			);
			runOnlyForDeploymentPostprocessing = 0;
		};
/* End PBXFrameworksBuildPhase section */

/* Begin PBXGroup section */
		236759D21D9116190006C75B /* Resources */ = {
			isa = PBXGroup;
			children = (
				236759D31D9116190006C75B /* img */,
			);
			name = Resources;
			path = IrregularCollectionUIKit/Resources;
			sourceTree = SOURCE_ROOT;
		};
		236759D31D9116190006C75B /* img */ = {
			isa = PBXGroup;
			children = (
				236759D41D9116190006C75B /* 201499971412727010.jpg */,
				236759D51D9116190006C75B /* 20160408110556_11.jpg */,
				236759D61D9116190006C75B /* 201606100719471127_1.jpg */,
				236759D71D9116190006C75B /* 7.jpg */,
				236759D81D9116190006C75B /* 99763_62164_3159.jpg */,
				236759D91D9116190006C75B /* article_20150904-1.jpg */,
				236759DA1D9116190006C75B /* channelProfileView.png */,
				236759DB1D9116190006C75B /* img_20150502111148_a5d91d53.jpg */,
				236759DC1D9116190006C75B /* R1280x0.jpg */,
			);
			path = img;
			sourceTree = "<group>";
		};
		6003F581195388D10070C39A = {
			isa = PBXGroup;
			children = (
				60FF7A9C1954A5C5007DD14C /* Podspec Metadata */,
				6003F593195388D20070C39A /* Example for IrregularCollectionUIKit */,
				6003F5B5195388D20070C39A /* Tests */,
				6003F58C195388D20070C39A /* Frameworks */,
				6003F58B195388D20070C39A /* Products */,
				BD3F7A855E0B8BAB51C96131 /* Pods */,
			);
			sourceTree = "<group>";
		};
		6003F58B195388D20070C39A /* Products */ = {
			isa = PBXGroup;
			children = (
				6003F58A195388D20070C39A /* IrregularCollectionUIKit_Example.app */,
				6003F5AE195388D20070C39A /* IrregularCollectionUIKit_Tests.xctest */,
			);
			name = Products;
			sourceTree = "<group>";
		};
		6003F58C195388D20070C39A /* Frameworks */ = {
			isa = PBXGroup;
			children = (
				6003F58D195388D20070C39A /* Foundation.framework */,
				6003F58F195388D20070C39A /* CoreGraphics.framework */,
				6003F591195388D20070C39A /* UIKit.framework */,
				6003F5AF195388D20070C39A /* XCTest.framework */,
				3D1EB8E802573A29606DCFAF /* libPods-IrregularUIKit_Example.a */,
				FFFB03E0B7127FF49C4CDA91 /* libPods-IrregularUIKit_Tests.a */,
				D365CE9DA2F47C4076203BD9 /* libPods-IrregularCollectionUIKit_Example.a */,
				22AD11D3C79A266782377DFA /* libPods-IrregularCollectionUIKit_Tests.a */,
			);
			name = Frameworks;
			sourceTree = "<group>";
		};
		6003F593195388D20070C39A /* Example for IrregularCollectionUIKit */ = {
			isa = PBXGroup;
			children = (
				236759D21D9116190006C75B /* Resources */,
				231D91201D90CEA600E913FE /* Images.xcassets */,
				231D911D1D90CEA600E913FE /* DemoAppDelegate.h */,
				231D911E1D90CEA600E913FE /* DemoAppDelegate.m */,
				231D911F1D90CEA600E913FE /* DemoViewController.swift */,
				231D91191D90CEA600E913FE /* SampleASCollectionViewController.swift */,
				231D91221D90CEA600E913FE /* IrregularCollectionUIKit_Example-Bridging-Header.h */,
				231D91231D90CEA600E913FE /* Launch Screen.storyboard */,
				231D91241D90CEA600E913FE /* Main.storyboard */,
				231D91261D90CEA600E913FE /* SampleContent.swift */,
				6003F594195388D20070C39A /* Supporting Files */,
			);
			name = "Example for IrregularCollectionUIKit";
			path = IrregularUIKit;
			sourceTree = "<group>";
		};
		6003F594195388D20070C39A /* Supporting Files */ = {
			isa = PBXGroup;
			children = (
				231D913F1D90CEDA00E913FE /* main.m */,
				231D913E1D90CEC600E913FE /* IrregularCollectionUIKit_Example-Bridging-Header.h */,
				231D913B1D90CEBF00E913FE /* IrregularCollectionUIKit-Info.plist */,
				231D913C1D90CEBF00E913FE /* IrregularCollectionUIKit-Prefix.pch */,
				6003F596195388D20070C39A /* InfoPlist.strings */,
			);
			name = "Supporting Files";
			sourceTree = "<group>";
		};
		6003F5B5195388D20070C39A /* Tests */ = {
			isa = PBXGroup;
			children = (
				6003F5BB195388D20070C39A /* Tests.m */,
				6003F5B6195388D20070C39A /* Supporting Files */,
			);
			path = Tests;
			sourceTree = "<group>";
		};
		6003F5B6195388D20070C39A /* Supporting Files */ = {
			isa = PBXGroup;
			children = (
				6003F5B7195388D20070C39A /* Tests-Info.plist */,
				6003F5B8195388D20070C39A /* InfoPlist.strings */,
				606FC2411953D9B200FFA9A0 /* Tests-Prefix.pch */,
			);
			name = "Supporting Files";
			sourceTree = "<group>";
		};
		60FF7A9C1954A5C5007DD14C /* Podspec Metadata */ = {
			isa = PBXGroup;
			children = (
				72A86362576C2D687DC56F85 /* IrregularUIKit.podspec */,
				012EDBD6140CF710D5922F90 /* README.md */,
				58892DABB6AC01EC46F2B7C6 /* LICENSE */,
			);
			name = "Podspec Metadata";
			sourceTree = "<group>";
		};
		BD3F7A855E0B8BAB51C96131 /* Pods */ = {
			isa = PBXGroup;
			children = (
				A3E1996E3FE9546F4B7DAB2E /* Pods-IrregularUIKit_Example.debug.xcconfig */,
				015A94912719ADD3ACF1CEF6 /* Pods-IrregularUIKit_Example.release.xcconfig */,
				FC18D4A34C220869D3659E8E /* Pods-IrregularUIKit_Tests.debug.xcconfig */,
				6031D925E5AA3EBD5A4CB3EC /* Pods-IrregularUIKit_Tests.release.xcconfig */,
				6E9616E2CF4AB72F02EF8DB9 /* Pods-IrregularCollectionUIKit_Example.debug.xcconfig */,
				1A1EBD36F9AF24BAD13639CB /* Pods-IrregularCollectionUIKit_Example.release.xcconfig */,
				09E580333797462ED0A221B9 /* Pods-IrregularCollectionUIKit_Tests.debug.xcconfig */,
				243C44F3B9E03DBDA3231685 /* Pods-IrregularCollectionUIKit_Tests.release.xcconfig */,
			);
			name = Pods;
			sourceTree = "<group>";
		};
/* End PBXGroup section */

/* Begin PBXNativeTarget section */
		6003F589195388D20070C39A /* IrregularCollectionUIKit_Example */ = {
			isa = PBXNativeTarget;
			buildConfigurationList = 6003F5BF195388D20070C39A /* Build configuration list for PBXNativeTarget "IrregularCollectionUIKit_Example" */;
			buildPhases = (
				7D772DBCD2E14B272E688EB2 /* [CP] Check Pods Manifest.lock */,
				6003F586195388D20070C39A /* Sources */,
				6003F587195388D20070C39A /* Frameworks */,
				6003F588195388D20070C39A /* Resources */,
				7AFF676B45964DC4AB34ECA5 /* [CP] Embed Pods Frameworks */,
				0E451A0830CBBCE035F2B41D /* [CP] Copy Pods Resources */,
			);
			buildRules = (
			);
			dependencies = (
			);
			name = IrregularCollectionUIKit_Example;
			productName = IrregularUIKit;
			productReference = 6003F58A195388D20070C39A /* IrregularCollectionUIKit_Example.app */;
			productType = "com.apple.product-type.application";
		};
		6003F5AD195388D20070C39A /* IrregularCollectionUIKit_Tests */ = {
			isa = PBXNativeTarget;
			buildConfigurationList = 6003F5C2195388D20070C39A /* Build configuration list for PBXNativeTarget "IrregularCollectionUIKit_Tests" */;
			buildPhases = (
				5F4795B85FA1C60FE462F2F4 /* [CP] Check Pods Manifest.lock */,
				6003F5AA195388D20070C39A /* Sources */,
				6003F5AB195388D20070C39A /* Frameworks */,
				6003F5AC195388D20070C39A /* Resources */,
				E668C5A3264DEAC12CEA2C5B /* [CP] Embed Pods Frameworks */,
				BCC2D6280E225C39A93BF3C3 /* [CP] Copy Pods Resources */,
			);
			buildRules = (
			);
			dependencies = (
				6003F5B4195388D20070C39A /* PBXTargetDependency */,
			);
			name = IrregularCollectionUIKit_Tests;
			productName = IrregularUIKitTests;
			productReference = 6003F5AE195388D20070C39A /* IrregularCollectionUIKit_Tests.xctest */;
			productType = "com.apple.product-type.bundle.unit-test";
		};
/* End PBXNativeTarget section */

/* Begin PBXProject section */
		6003F582195388D10070C39A /* Project object */ = {
			isa = PBXProject;
			attributes = {
				CLASSPREFIX = Demo;
				LastSwiftUpdateCheck = 0730;
				LastUpgradeCheck = 0720;
				ORGANIZATIONNAME = "Steve Kim";
				TargetAttributes = {
					6003F5AD195388D20070C39A = {
						TestTargetID = 6003F589195388D20070C39A;
					};
				};
			};
			buildConfigurationList = 6003F585195388D10070C39A /* Build configuration list for PBXProject "IrregularCollectionUIKit" */;
			compatibilityVersion = "Xcode 3.2";
			developmentRegion = English;
			hasScannedForEncodings = 0;
			knownRegions = (
				en,
				Base,
			);
			mainGroup = 6003F581195388D10070C39A;
			productRefGroup = 6003F58B195388D20070C39A /* Products */;
			projectDirPath = "";
			projectRoot = "";
			targets = (
				6003F589195388D20070C39A /* IrregularCollectionUIKit_Example */,
				6003F5AD195388D20070C39A /* IrregularCollectionUIKit_Tests */,
			);
		};
/* End PBXProject section */

/* Begin PBXResourcesBuildPhase section */
		6003F588195388D20070C39A /* Resources */ = {
			isa = PBXResourcesBuildPhase;
			buildActionMask = 2147483647;
			files = (
				236759DE1D9116190006C75B /* 20160408110556_11.jpg in Resources */,
				231D91341D90CEA600E913FE /* Images.xcassets in Resources */,
				236759E11D9116190006C75B /* 99763_62164_3159.jpg in Resources */,
				236759DD1D9116190006C75B /* 201499971412727010.jpg in Resources */,
				236759E41D9116190006C75B /* img_20150502111148_a5d91d53.jpg in Resources */,
				236759E21D9116190006C75B /* article_20150904-1.jpg in Resources */,
				231D91361D90CEA600E913FE /* Launch Screen.storyboard in Resources */,
				231D91371D90CEA600E913FE /* Main.storyboard in Resources */,
				236759E01D9116190006C75B /* 7.jpg in Resources */,
				236759E51D9116190006C75B /* R1280x0.jpg in Resources */,
				236759DF1D9116190006C75B /* 201606100719471127_1.jpg in Resources */,
				236759E31D9116190006C75B /* channelProfileView.png in Resources */,
			);
			runOnlyForDeploymentPostprocessing = 0;
		};
		6003F5AC195388D20070C39A /* Resources */ = {
			isa = PBXResourcesBuildPhase;
			buildActionMask = 2147483647;
			files = (
				6003F5BA195388D20070C39A /* InfoPlist.strings in Resources */,
			);
			runOnlyForDeploymentPostprocessing = 0;
		};
/* End PBXResourcesBuildPhase section */

/* Begin PBXShellScriptBuildPhase section */
		0E451A0830CBBCE035F2B41D /* [CP] Copy Pods Resources */ = {
			isa = PBXShellScriptBuildPhase;
			buildActionMask = 2147483647;
			files = (
			);
			inputPaths = (
			);
			name = "[CP] Copy Pods Resources";
			outputPaths = (
			);
			runOnlyForDeploymentPostprocessing = 0;
			shellPath = /bin/sh;
			shellScript = "\"${SRCROOT}/Pods/Target Support Files/Pods-IrregularCollectionUIKit_Example/Pods-IrregularCollectionUIKit_Example-resources.sh\"\n";
			showEnvVarsInLog = 0;
		};
		5F4795B85FA1C60FE462F2F4 /* [CP] Check Pods Manifest.lock */ = {
			isa = PBXShellScriptBuildPhase;
			buildActionMask = 2147483647;
			files = (
			);
			inputPaths = (
			);
			name = "[CP] Check Pods Manifest.lock";
			outputPaths = (
			);
			runOnlyForDeploymentPostprocessing = 0;
			shellPath = /bin/sh;
			shellScript = "diff \"${PODS_PODFILE_DIR_PATH}/Podfile.lock\" \"${PODS_ROOT}/Manifest.lock\" > /dev/null\nif [ $? != 0 ] ; then\n    # print error to STDERR\n    echo \"error: The sandbox is not in sync with the Podfile.lock. Run 'pod install' or update your CocoaPods installation.\" >&2\n    exit 1\nfi\n";
			showEnvVarsInLog = 0;
		};
		7AFF676B45964DC4AB34ECA5 /* [CP] Embed Pods Frameworks */ = {
			isa = PBXShellScriptBuildPhase;
			buildActionMask = 2147483647;
			files = (
			);
			inputPaths = (
			);
			name = "[CP] Embed Pods Frameworks";
			outputPaths = (
			);
			runOnlyForDeploymentPostprocessing = 0;
			shellPath = /bin/sh;
			shellScript = "\"${SRCROOT}/Pods/Target Support Files/Pods-IrregularCollectionUIKit_Example/Pods-IrregularCollectionUIKit_Example-frameworks.sh\"\n";
			showEnvVarsInLog = 0;
		};
		7D772DBCD2E14B272E688EB2 /* [CP] Check Pods Manifest.lock */ = {
			isa = PBXShellScriptBuildPhase;
			buildActionMask = 2147483647;
			files = (
			);
			inputPaths = (
			);
			name = "[CP] Check Pods Manifest.lock";
			outputPaths = (
			);
			runOnlyForDeploymentPostprocessing = 0;
			shellPath = /bin/sh;
			shellScript = "diff \"${PODS_PODFILE_DIR_PATH}/Podfile.lock\" \"${PODS_ROOT}/Manifest.lock\" > /dev/null\nif [ $? != 0 ] ; then\n    # print error to STDERR\n    echo \"error: The sandbox is not in sync with the Podfile.lock. Run 'pod install' or update your CocoaPods installation.\" >&2\n    exit 1\nfi\n";
			showEnvVarsInLog = 0;
		};
		BCC2D6280E225C39A93BF3C3 /* [CP] Copy Pods Resources */ = {
			isa = PBXShellScriptBuildPhase;
			buildActionMask = 2147483647;
			files = (
			);
			inputPaths = (
			);
			name = "[CP] Copy Pods Resources";
			outputPaths = (
			);
			runOnlyForDeploymentPostprocessing = 0;
			shellPath = /bin/sh;
			shellScript = "\"${SRCROOT}/Pods/Target Support Files/Pods-IrregularCollectionUIKit_Tests/Pods-IrregularCollectionUIKit_Tests-resources.sh\"\n";
			showEnvVarsInLog = 0;
		};
		E668C5A3264DEAC12CEA2C5B /* [CP] Embed Pods Frameworks */ = {
			isa = PBXShellScriptBuildPhase;
			buildActionMask = 2147483647;
			files = (
			);
			inputPaths = (
			);
			name = "[CP] Embed Pods Frameworks";
			outputPaths = (
			);
			runOnlyForDeploymentPostprocessing = 0;
			shellPath = /bin/sh;
			shellScript = "\"${SRCROOT}/Pods/Target Support Files/Pods-IrregularCollectionUIKit_Tests/Pods-IrregularCollectionUIKit_Tests-frameworks.sh\"\n";
			showEnvVarsInLog = 0;
		};
/* End PBXShellScriptBuildPhase section */

/* Begin PBXSourcesBuildPhase section */
		6003F586195388D20070C39A /* Sources */ = {
			isa = PBXSourcesBuildPhase;
			buildActionMask = 2147483647;
			files = (
				231D912E1D90CEA600E913FE /* SampleASCollectionViewController.swift in Sources */,
				231D91391D90CEA600E913FE /* SampleContent.swift in Sources */,
				231D91321D90CEA600E913FE /* DemoAppDelegate.m in Sources */,
				231D91401D90CEDA00E913FE /* main.m in Sources */,
				231D91331D90CEA600E913FE /* DemoViewController.swift in Sources */,
			);
			runOnlyForDeploymentPostprocessing = 0;
		};
		6003F5AA195388D20070C39A /* Sources */ = {
			isa = PBXSourcesBuildPhase;
			buildActionMask = 2147483647;
			files = (
				6003F5BC195388D20070C39A /* Tests.m in Sources */,
			);
			runOnlyForDeploymentPostprocessing = 0;
		};
/* End PBXSourcesBuildPhase section */

/* Begin PBXTargetDependency section */
		6003F5B4195388D20070C39A /* PBXTargetDependency */ = {
			isa = PBXTargetDependency;
			target = 6003F589195388D20070C39A /* IrregularCollectionUIKit_Example */;
			targetProxy = 6003F5B3195388D20070C39A /* PBXContainerItemProxy */;
		};
/* End PBXTargetDependency section */

/* Begin PBXVariantGroup section */
		6003F596195388D20070C39A /* InfoPlist.strings */ = {
			isa = PBXVariantGroup;
			children = (
				6003F597195388D20070C39A /* en */,
			);
			name = InfoPlist.strings;
			sourceTree = "<group>";
		};
		6003F5B8195388D20070C39A /* InfoPlist.strings */ = {
			isa = PBXVariantGroup;
			children = (
				6003F5B9195388D20070C39A /* en */,
			);
			name = InfoPlist.strings;
			sourceTree = "<group>";
		};
/* End PBXVariantGroup section */

/* Begin XCBuildConfiguration section */
		6003F5BD195388D20070C39A /* Debug */ = {
			isa = XCBuildConfiguration;
			buildSettings = {
				ALWAYS_SEARCH_USER_PATHS = NO;
				CLANG_CXX_LANGUAGE_STANDARD = "gnu++0x";
				CLANG_CXX_LIBRARY = "libc++";
				CLANG_ENABLE_MODULES = YES;
				CLANG_ENABLE_OBJC_ARC = YES;
				CLANG_WARN_BOOL_CONVERSION = YES;
				CLANG_WARN_CONSTANT_CONVERSION = YES;
				CLANG_WARN_DIRECT_OBJC_ISA_USAGE = YES_ERROR;
				CLANG_WARN_EMPTY_BODY = YES;
				CLANG_WARN_ENUM_CONVERSION = YES;
				CLANG_WARN_INT_CONVERSION = YES;
				CLANG_WARN_OBJC_ROOT_CLASS = YES_ERROR;
				CLANG_WARN__DUPLICATE_METHOD_MATCH = YES;
				"CODE_SIGN_IDENTITY[sdk=iphoneos*]" = "iPhone Developer";
				COPY_PHASE_STRIP = NO;
				ENABLE_TESTABILITY = YES;
				GCC_C_LANGUAGE_STANDARD = gnu99;
				GCC_DYNAMIC_NO_PIC = NO;
				GCC_OPTIMIZATION_LEVEL = 0;
				GCC_PREPROCESSOR_DEFINITIONS = (
					"DEBUG=1",
					"$(inherited)",
				);
				GCC_SYMBOLS_PRIVATE_EXTERN = NO;
				GCC_WARN_64_TO_32_BIT_CONVERSION = YES;
				GCC_WARN_ABOUT_RETURN_TYPE = YES_ERROR;
				GCC_WARN_UNDECLARED_SELECTOR = YES;
				GCC_WARN_UNINITIALIZED_AUTOS = YES_AGGRESSIVE;
				GCC_WARN_UNUSED_FUNCTION = YES;
				GCC_WARN_UNUSED_VARIABLE = YES;
				IPHONEOS_DEPLOYMENT_TARGET = 7.0;
				ONLY_ACTIVE_ARCH = YES;
				SDKROOT = iphoneos;
				TARGETED_DEVICE_FAMILY = "1,2";
			};
			name = Debug;
		};
		6003F5BE195388D20070C39A /* Release */ = {
			isa = XCBuildConfiguration;
			buildSettings = {
				ALWAYS_SEARCH_USER_PATHS = NO;
				CLANG_CXX_LANGUAGE_STANDARD = "gnu++0x";
				CLANG_CXX_LIBRARY = "libc++";
				CLANG_ENABLE_MODULES = YES;
				CLANG_ENABLE_OBJC_ARC = YES;
				CLANG_WARN_BOOL_CONVERSION = YES;
				CLANG_WARN_CONSTANT_CONVERSION = YES;
				CLANG_WARN_DIRECT_OBJC_ISA_USAGE = YES_ERROR;
				CLANG_WARN_EMPTY_BODY = YES;
				CLANG_WARN_ENUM_CONVERSION = YES;
				CLANG_WARN_INT_CONVERSION = YES;
				CLANG_WARN_OBJC_ROOT_CLASS = YES_ERROR;
				CLANG_WARN__DUPLICATE_METHOD_MATCH = YES;
				"CODE_SIGN_IDENTITY[sdk=iphoneos*]" = "iPhone Developer";
				COPY_PHASE_STRIP = YES;
				ENABLE_NS_ASSERTIONS = NO;
				GCC_C_LANGUAGE_STANDARD = gnu99;
				GCC_WARN_64_TO_32_BIT_CONVERSION = YES;
				GCC_WARN_ABOUT_RETURN_TYPE = YES_ERROR;
				GCC_WARN_UNDECLARED_SELECTOR = YES;
				GCC_WARN_UNINITIALIZED_AUTOS = YES_AGGRESSIVE;
				GCC_WARN_UNUSED_FUNCTION = YES;
				GCC_WARN_UNUSED_VARIABLE = YES;
				IPHONEOS_DEPLOYMENT_TARGET = 7.0;
				SDKROOT = iphoneos;
				TARGETED_DEVICE_FAMILY = "1,2";
				VALIDATE_PRODUCT = YES;
			};
			name = Release;
		};
		6003F5C0195388D20070C39A /* Debug */ = {
			isa = XCBuildConfiguration;
			baseConfigurationReference = 6E9616E2CF4AB72F02EF8DB9 /* Pods-IrregularCollectionUIKit_Example.debug.xcconfig */;
			buildSettings = {
				ASSETCATALOG_COMPILER_APPICON_NAME = AppIcon;
				CLANG_ENABLE_MODULES = YES;
				GCC_PRECOMPILE_PREFIX_HEADER = YES;
				GCC_PREFIX_HEADER = "IrregularCollectionUIKit/IrregularCollectionUIKit-Prefix.pch";
				INFOPLIST_FILE = "IrregularCollectionUIKit/IrregularCollectionUIKit-Info.plist";
				IPHONEOS_DEPLOYMENT_TARGET = 9.0;
				LD_RUNPATH_SEARCH_PATHS = "$(inherited) @executable_path/Frameworks";
				MODULE_NAME = ExampleApp;
				ONLY_ACTIVE_ARCH = YES;
				OTHER_LDFLAGS = "$(inherited)";
				PRODUCT_BUNDLE_IDENTIFIER = "org.cocoapods.demo.${PRODUCT_NAME:rfc1034identifier}";
				PRODUCT_NAME = "$(TARGET_NAME)";
				SWIFT_OBJC_BRIDGING_HEADER = "IrregularCollectionUIKit/IrregularCollectionUIKit_Example-Bridging-Header.h";
				SWIFT_OPTIMIZATION_LEVEL = "-Onone";
				SWIFT_VERSION = 3.0;
				WRAPPER_EXTENSION = app;
			};
			name = Debug;
		};
		6003F5C1195388D20070C39A /* Release */ = {
			isa = XCBuildConfiguration;
			baseConfigurationReference = 1A1EBD36F9AF24BAD13639CB /* Pods-IrregularCollectionUIKit_Example.release.xcconfig */;
			buildSettings = {
				ASSETCATALOG_COMPILER_APPICON_NAME = AppIcon;
				CLANG_ENABLE_MODULES = YES;
				GCC_PRECOMPILE_PREFIX_HEADER = YES;
				GCC_PREFIX_HEADER = "IrregularCollectionUIKit/IrregularCollectionUIKit-Prefix.pch";
				INFOPLIST_FILE = "IrregularCollectionUIKit/IrregularCollectionUIKit-Info.plist";
				IPHONEOS_DEPLOYMENT_TARGET = 9.0;
				LD_RUNPATH_SEARCH_PATHS = "$(inherited) @executable_path/Frameworks";
				MODULE_NAME = ExampleApp;
				ONLY_ACTIVE_ARCH = NO;
				OTHER_LDFLAGS = "$(inherited)";
				PRODUCT_BUNDLE_IDENTIFIER = "org.cocoapods.demo.${PRODUCT_NAME:rfc1034identifier}";
				PRODUCT_NAME = "$(TARGET_NAME)";
				SWIFT_OBJC_BRIDGING_HEADER = "IrregularCollectionUIKit/IrregularCollectionUIKit_Example-Bridging-Header.h";
				SWIFT_VERSION = 3.0;
				WRAPPER_EXTENSION = app;
			};
			name = Release;
		};
		6003F5C3195388D20070C39A /* Debug */ = {
			isa = XCBuildConfiguration;
			baseConfigurationReference = 09E580333797462ED0A221B9 /* Pods-IrregularCollectionUIKit_Tests.debug.xcconfig */;
			buildSettings = {
				BUNDLE_LOADER = "$(TEST_HOST)";
				FRAMEWORK_SEARCH_PATHS = (
					"$(SDKROOT)/Developer/Library/Frameworks",
					"$(inherited)",
					"$(DEVELOPER_FRAMEWORKS_DIR)",
				);
				GCC_PRECOMPILE_PREFIX_HEADER = YES;
				GCC_PREFIX_HEADER = "Tests/Tests-Prefix.pch";
				GCC_PREPROCESSOR_DEFINITIONS = (
					"DEBUG=1",
					"$(inherited)",
				);
				INFOPLIST_FILE = "Tests/Tests-Info.plist";
				PRODUCT_BUNDLE_IDENTIFIER = "org.cocoapods.demo.${PRODUCT_NAME:rfc1034identifier}";
				PRODUCT_NAME = "$(TARGET_NAME)";
				TEST_HOST = "$(BUILT_PRODUCTS_DIR)/IrregularUIKit_Example.app/IrregularCollectionUIKit_Example";
				WRAPPER_EXTENSION = xctest;
			};
			name = Debug;
		};
		6003F5C4195388D20070C39A /* Release */ = {
			isa = XCBuildConfiguration;
			baseConfigurationReference = 243C44F3B9E03DBDA3231685 /* Pods-IrregularCollectionUIKit_Tests.release.xcconfig */;
			buildSettings = {
				BUNDLE_LOADER = "$(TEST_HOST)";
				FRAMEWORK_SEARCH_PATHS = (
					"$(SDKROOT)/Developer/Library/Frameworks",
					"$(inherited)",
					"$(DEVELOPER_FRAMEWORKS_DIR)",
				);
				GCC_PRECOMPILE_PREFIX_HEADER = YES;
				GCC_PREFIX_HEADER = "Tests/Tests-Prefix.pch";
				INFOPLIST_FILE = "Tests/Tests-Info.plist";
				PRODUCT_BUNDLE_IDENTIFIER = "org.cocoapods.demo.${PRODUCT_NAME:rfc1034identifier}";
				PRODUCT_NAME = "$(TARGET_NAME)";
				TEST_HOST = "$(BUILT_PRODUCTS_DIR)/IrregularUIKit_Example.app/IrregularCollectionUIKit_Example";
				WRAPPER_EXTENSION = xctest;
			};
			name = Release;
		};
/* End XCBuildConfiguration section */

/* Begin XCConfigurationList section */
		6003F585195388D10070C39A /* Build configuration list for PBXProject "IrregularCollectionUIKit" */ = {
			isa = XCConfigurationList;
			buildConfigurations = (
				6003F5BD195388D20070C39A /* Debug */,
				6003F5BE195388D20070C39A /* Release */,
			);
			defaultConfigurationIsVisible = 0;
			defaultConfigurationName = Release;
		};
		6003F5BF195388D20070C39A /* Build configuration list for PBXNativeTarget "IrregularCollectionUIKit_Example" */ = {
			isa = XCConfigurationList;
			buildConfigurations = (
				6003F5C0195388D20070C39A /* Debug */,
				6003F5C1195388D20070C39A /* Release */,
			);
			defaultConfigurationIsVisible = 0;
			defaultConfigurationName = Release;
		};
		6003F5C2195388D20070C39A /* Build configuration list for PBXNativeTarget "IrregularCollectionUIKit_Tests" */ = {
			isa = XCConfigurationList;
			buildConfigurations = (
				6003F5C3195388D20070C39A /* Debug */,
				6003F5C4195388D20070C39A /* Release */,
			);
			defaultConfigurationIsVisible = 0;
			defaultConfigurationName = Release;
		};
/* End XCConfigurationList section */
	};
	rootObject = 6003F582195388D10070C39A /* Project object */;
}
